
Microsoft Visual Studio Solution File, Format Version 12.00
# Visual Studio Version 17
VisualStudioVersion = 17.7.34202.233
MinimumVisualStudioVersion = 10.0.40219.1
Project("{9A19103F-16F7-4668-BE54-9A1E7A4F7556}") = "API_Resorty", "API Resorty\API_Resorty.csproj", "{67834CBA-E330-4BF3-895F-9DA723059CE3}"
EndProject
Global
	GlobalSection(SolutionConfigurationPlatforms) = preSolution
		Debug|Any CPU = Debug|Any CPU
		Release|Any CPU = Release|Any CPU
	EndGlobalSection
	GlobalSection(ProjectConfigurationPlatforms) = postSolution
		{67834CBA-E330-4BF3-895F-9DA723059CE3}.Debug|Any CPU.ActiveCfg = Debug|Any CPU
		{67834CBA-E330-4BF3-895F-9DA723059CE3}.Debug|Any CPU.Build.0 = Debug|Any CPU
		{67834CBA-E330-4BF3-895F-9DA723059CE3}.Release|Any CPU.ActiveCfg = Release|Any CPU
		{67834CBA-E330-4BF3-895F-9DA723059CE3}.Release|Any CPU.Build.0 = Release|Any CPU
	EndGlobalSection
	GlobalSection(SolutionProperties) = preSolution
		HideSolutionNode = FALSE
	EndGlobalSection
	GlobalSection(ExtensibilityGlobals) = postSolution
		SolutionGuid = {F2A07233-825C-40C1-876E-8556864D11F4}
	EndGlobalSection
EndGlobal
